{
  "name": "m3s",
  "version": "1.0.0",
  "lockfileVersion": 3,
  "requires": true,
  "packages": {
    "": {
      "name": "m3s",
      "version": "1.0.0",
      "workspaces": [
        "packages/*"
      ],
      "devDependencies": {
        "typescript": "^4.9.5"
      }
    },
    "node_modules/@m3s/crosschain": {
      "resolved": "packages/crosschain",
      "link": true
    },
    "node_modules/@m3s/smart-contract": {
      "resolved": "packages/smartContract",
      "link": true
    },
    "node_modules/@m3s/wallet": {
      "resolved": "packages/wallet",
      "link": true
    },
    "node_modules/typescript": {
      "version": "4.9.5",
      "resolved": "https://registry.npmjs.org/typescript/-/typescript-4.9.5.tgz",
      "integrity": "sha512-1FXk9E2Hm+QzZQ7z+McJiHL4NW1F2EzMu9Nq9i3zAaGqibafqYwCVU6WyWAuyQRRzOlxou8xZSyXLEN8oKj24g==",
      "dev": true,
      "bin": {
        "tsc": "bin/tsc",
        "tsserver": "bin/tsserver"
      },
      "engines": {
        "node": ">=4.2.0"
      }
    },
    "packages/crosschain": {
      "name": "@m3s/crosschain",
      "version": "1.0.0"
    },
    "packages/smartContract": {
      "name": "@m3s/smart-contract",
      "version": "1.0.0"
    },
    "packages/wallet": {
      "name": "@m3s/wallet",
      "version": "1.0.0"
    }
  }
}
