{
    "name": "wallet-tests",
    "version": "1.0.0",
    "lockfileVersion": 3,
    "requires": true,
    "packages": {
        "": {
            "name": "wallet-tests",
            "version": "1.0.0",
            "dependencies": {
                "@m3s/wallet": "file:../"
            }
        },
        "..": {
            "name": "@m3s/wallet",
            "version": "1.0.85",
            "dependencies": {
                "@m3s/utils": "^1.0.10"
            }
        },
        "node_modules/@m3s/wallet": {
            "resolved": "..",
            "link": true
        }
    }
}
